
Microsoft Visual Studio Solution File, Format Version 12.00
# Visual Studio Version 16
VisualStudioVersion = 16.0.28803.202
MinimumVisualStudioVersion = 10.0.40219.1
Project("{FAE04EC0-301F-11D3-BF4B-00C04F79EFBC}") = "DockerApp", "DockerApp\DockerApp.csproj", "{FF05B6AB-80B9-479B-8B02-FE96F562DDAB}"
EndProject
Global
	GlobalSection(SolutionConfigurationPlatforms) = preSolution
		Debug|Any CPU = Debug|Any CPU
		Release|Any CPU = Release|Any CPU
	EndGlobalSection
	GlobalSection(ProjectConfigurationPlatforms) = postSolution
		{FF05B6AB-80B9-479B-8B02-FE96F562DDAB}.Debug|Any CPU.ActiveCfg = Debug|Any CPU
		{FF05B6AB-80B9-479B-8B02-FE96F562DDAB}.Debug|Any CPU.Build.0 = Debug|Any CPU
		{FF05B6AB-80B9-479B-8B02-FE96F562DDAB}.Release|Any CPU.ActiveCfg = Release|Any CPU
		{FF05B6AB-80B9-479B-8B02-FE96F562DDAB}.Release|Any CPU.Build.0 = Release|Any CPU
	EndGlobalSection
	GlobalSection(SolutionProperties) = preSolution
		HideSolutionNode = FALSE
	EndGlobalSection
	GlobalSection(ExtensibilityGlobals) = postSolution
		SolutionGuid = {ABCFAA90-C583-47B3-8CF9-DB9C3C8C2B26}
	EndGlobalSection
EndGlobal
